{
  "nodes": {
    "impermanence": {
      "locked": {
        "lastModified": 1737831083,
        "narHash": "sha256-LJggUHbpyeDvNagTUrdhe/pRVp4pnS6wVKALS782gRI=",
        "owner": "nix-community",
        "repo": "impermanence",
        "rev": "4b3e914cdf97a5b536a889e939fb2fd2b043a170",
        "type": "github"
      },
      "original": {
        "owner": "nix-community",
        "repo": "impermanence",
        "type": "github"
      }
    },
    "nixpkgs": {
      "locked": {
        "lastModified": 1733759999,
        "narHash": "sha256-463SNPWmz46iLzJKRzO3Q2b0Aurff3U1n0nYItxq7jU=",
        "owner": "NixOS",
        "repo": "nixpkgs",
        "rev": "a73246e2eef4c6ed172979932bc80e1404ba2d56",
        "type": "github"
      },
      "original": {
        "owner": "NixOS",
        "ref": "nixos-unstable",
        "repo": "nixpkgs",
        "type": "github"
      }
    },
    "root": {
      "inputs": {
        "impermanence": "impermanence",
        "nixpkgs": "nixpkgs",
        "yants": "yants"
      }
    },
    "yants": {
      "flake": false,
      "locked": {
        "lastModified": 1645270620,
        "narHash": "sha256-wwkl3K200UbW9Z7BRlVH8HOEXCaVYP2MqZpsF9EhgZg=",
        "ref": "refs/heads/canon",
        "rev": "efeb6dc11eb1a1e88d41dc2093fc5aa31f7abd35",
        "revCount": 15,
        "type": "git",
        "url": "https://code.tvl.fyi/depot.git:/nix/yants.git"
      },
      "original": {
        "type": "git",
        "url": "https://code.tvl.fyi/depot.git:/nix/yants.git"
      }
    }
  },
  "root": "root",
  "version": 7
}
